
Microsoft Visual Studio Solution File, Format Version 12.00
# Visual Studio Version 17
VisualStudioVersion = 17.5.33516.290
MinimumVisualStudioVersion = 10.0.40219.1
Project("{FAE04EC0-301F-11D3-BF4B-00C04F79EFBC}") = "task3", "task3.csproj", "{12AE5C7D-52A4-4164-B351-85A419A0E5B4}"
EndProject
Project("{FAE04EC0-301F-11D3-BF4B-00C04F79EFBC}") = "ClassLibrary", "..\ClassLibrary\ClassLibrary.csproj", "{60A6935B-A420-4DB3-AD5C-72344853E072}"
EndProject
Global
	GlobalSection(SolutionConfigurationPlatforms) = preSolution
		Debug|Any CPU = Debug|Any CPU
		Release|Any CPU = Release|Any CPU
	EndGlobalSection
	GlobalSection(ProjectConfigurationPlatforms) = postSolution
		{12AE5C7D-52A4-4164-B351-85A419A0E5B4}.Debug|Any CPU.ActiveCfg = Debug|Any CPU
		{12AE5C7D-52A4-4164-B351-85A419A0E5B4}.Debug|Any CPU.Build.0 = Debug|Any CPU
		{12AE5C7D-52A4-4164-B351-85A419A0E5B4}.Release|Any CPU.ActiveCfg = Release|Any CPU
		{12AE5C7D-52A4-4164-B351-85A419A0E5B4}.Release|Any CPU.Build.0 = Release|Any CPU
		{60A6935B-A420-4DB3-AD5C-72344853E072}.Debug|Any CPU.ActiveCfg = Debug|Any CPU
		{60A6935B-A420-4DB3-AD5C-72344853E072}.Debug|Any CPU.Build.0 = Debug|Any CPU
		{60A6935B-A420-4DB3-AD5C-72344853E072}.Release|Any CPU.ActiveCfg = Release|Any CPU
		{60A6935B-A420-4DB3-AD5C-72344853E072}.Release|Any CPU.Build.0 = Release|Any CPU
	EndGlobalSection
	GlobalSection(SolutionProperties) = preSolution
		HideSolutionNode = FALSE
	EndGlobalSection
	GlobalSection(ExtensibilityGlobals) = postSolution
		SolutionGuid = {F7240645-170E-4866-A40E-9C05E9970B81}
	EndGlobalSection
EndGlobal
