
Microsoft Visual Studio Solution File, Format Version 12.00
# Visual Studio Version 17
VisualStudioVersion = 17.5.33516.290
MinimumVisualStudioVersion = 10.0.40219.1
Project("{FAE04EC0-301F-11D3-BF4B-00C04F79EFBC}") = "task4", "task4.csproj", "{A94EDBB7-59AE-4370-B31F-B451763B288F}"
EndProject
Project("{FAE04EC0-301F-11D3-BF4B-00C04F79EFBC}") = "ClassLibrary", "..\ClassLibrary\ClassLibrary.csproj", "{282DB6FA-2F2F-496A-8A09-F799D3C428CC}"
EndProject
Global
	GlobalSection(SolutionConfigurationPlatforms) = preSolution
		Debug|Any CPU = Debug|Any CPU
		Release|Any CPU = Release|Any CPU
	EndGlobalSection
	GlobalSection(ProjectConfigurationPlatforms) = postSolution
		{A94EDBB7-59AE-4370-B31F-B451763B288F}.Debug|Any CPU.ActiveCfg = Debug|Any CPU
		{A94EDBB7-59AE-4370-B31F-B451763B288F}.Debug|Any CPU.Build.0 = Debug|Any CPU
		{A94EDBB7-59AE-4370-B31F-B451763B288F}.Release|Any CPU.ActiveCfg = Release|Any CPU
		{A94EDBB7-59AE-4370-B31F-B451763B288F}.Release|Any CPU.Build.0 = Release|Any CPU
		{282DB6FA-2F2F-496A-8A09-F799D3C428CC}.Debug|Any CPU.ActiveCfg = Debug|Any CPU
		{282DB6FA-2F2F-496A-8A09-F799D3C428CC}.Debug|Any CPU.Build.0 = Debug|Any CPU
		{282DB6FA-2F2F-496A-8A09-F799D3C428CC}.Release|Any CPU.ActiveCfg = Release|Any CPU
		{282DB6FA-2F2F-496A-8A09-F799D3C428CC}.Release|Any CPU.Build.0 = Release|Any CPU
	EndGlobalSection
	GlobalSection(SolutionProperties) = preSolution
		HideSolutionNode = FALSE
	EndGlobalSection
	GlobalSection(ExtensibilityGlobals) = postSolution
		SolutionGuid = {C8379DBF-1214-4440-A451-21757B9F6FC1}
	EndGlobalSection
EndGlobal
