
Microsoft Visual Studio Solution File, Format Version 12.00
# Visual Studio Version 17
VisualStudioVersion = 17.5.33516.290
MinimumVisualStudioVersion = 10.0.40219.1
Project("{FAE04EC0-301F-11D3-BF4B-00C04F79EFBC}") = "Iterator", "Iterator.csproj", "{E97A6F29-0C44-47CD-A4FD-BB095CCF1627}"
EndProject
Project("{FAE04EC0-301F-11D3-BF4B-00C04F79EFBC}") = "ClassLibrary", "..\ClassLibrary\ClassLibrary.csproj", "{9AB2206E-EE96-484F-BF09-E126984AD5F5}"
EndProject
Global
	GlobalSection(SolutionConfigurationPlatforms) = preSolution
		Debug|Any CPU = Debug|Any CPU
		Release|Any CPU = Release|Any CPU
	EndGlobalSection
	GlobalSection(ProjectConfigurationPlatforms) = postSolution
		{E97A6F29-0C44-47CD-A4FD-BB095CCF1627}.Debug|Any CPU.ActiveCfg = Debug|Any CPU
		{E97A6F29-0C44-47CD-A4FD-BB095CCF1627}.Debug|Any CPU.Build.0 = Debug|Any CPU
		{E97A6F29-0C44-47CD-A4FD-BB095CCF1627}.Release|Any CPU.ActiveCfg = Release|Any CPU
		{E97A6F29-0C44-47CD-A4FD-BB095CCF1627}.Release|Any CPU.Build.0 = Release|Any CPU
		{9AB2206E-EE96-484F-BF09-E126984AD5F5}.Debug|Any CPU.ActiveCfg = Debug|Any CPU
		{9AB2206E-EE96-484F-BF09-E126984AD5F5}.Debug|Any CPU.Build.0 = Debug|Any CPU
		{9AB2206E-EE96-484F-BF09-E126984AD5F5}.Release|Any CPU.ActiveCfg = Release|Any CPU
		{9AB2206E-EE96-484F-BF09-E126984AD5F5}.Release|Any CPU.Build.0 = Release|Any CPU
	EndGlobalSection
	GlobalSection(SolutionProperties) = preSolution
		HideSolutionNode = FALSE
	EndGlobalSection
	GlobalSection(ExtensibilityGlobals) = postSolution
		SolutionGuid = {9CAC2F74-5819-4CE5-8788-A7B3EE33F0B5}
	EndGlobalSection
EndGlobal
