
Microsoft Visual Studio Solution File, Format Version 12.00
# Visual Studio Version 17
VisualStudioVersion = 17.5.33516.290
MinimumVisualStudioVersion = 10.0.40219.1
Project("{FAE04EC0-301F-11D3-BF4B-00C04F79EFBC}") = "task6", "task6.csproj", "{609F5285-3439-4583-B456-7BC19F6E79C1}"
EndProject
Project("{FAE04EC0-301F-11D3-BF4B-00C04F79EFBC}") = "ClassLibrary", "..\ClassLibrary\ClassLibrary.csproj", "{96D80463-2079-4439-BFD2-D15ECE871235}"
EndProject
Global
	GlobalSection(SolutionConfigurationPlatforms) = preSolution
		Debug|Any CPU = Debug|Any CPU
		Release|Any CPU = Release|Any CPU
	EndGlobalSection
	GlobalSection(ProjectConfigurationPlatforms) = postSolution
		{609F5285-3439-4583-B456-7BC19F6E79C1}.Debug|Any CPU.ActiveCfg = Debug|Any CPU
		{609F5285-3439-4583-B456-7BC19F6E79C1}.Debug|Any CPU.Build.0 = Debug|Any CPU
		{609F5285-3439-4583-B456-7BC19F6E79C1}.Release|Any CPU.ActiveCfg = Release|Any CPU
		{609F5285-3439-4583-B456-7BC19F6E79C1}.Release|Any CPU.Build.0 = Release|Any CPU
		{96D80463-2079-4439-BFD2-D15ECE871235}.Debug|Any CPU.ActiveCfg = Debug|Any CPU
		{96D80463-2079-4439-BFD2-D15ECE871235}.Debug|Any CPU.Build.0 = Debug|Any CPU
		{96D80463-2079-4439-BFD2-D15ECE871235}.Release|Any CPU.ActiveCfg = Release|Any CPU
		{96D80463-2079-4439-BFD2-D15ECE871235}.Release|Any CPU.Build.0 = Release|Any CPU
	EndGlobalSection
	GlobalSection(SolutionProperties) = preSolution
		HideSolutionNode = FALSE
	EndGlobalSection
	GlobalSection(ExtensibilityGlobals) = postSolution
		SolutionGuid = {1E667151-85C8-4EE9-AD02-777D9A83EFCF}
	EndGlobalSection
EndGlobal
