
Microsoft Visual Studio Solution File, Format Version 12.00
# Visual Studio Version 17
VisualStudioVersion = 17.5.33516.290
MinimumVisualStudioVersion = 10.0.40219.1
Project("{FAE04EC0-301F-11D3-BF4B-00C04F79EFBC}") = "task1", "task1.csproj", "{31764089-F579-43AE-B78C-55343BE69B90}"
EndProject
Project("{FAE04EC0-301F-11D3-BF4B-00C04F79EFBC}") = "ClassLibrary", "..\ClassLibrary\ClassLibrary.csproj", "{06FF17BE-7A56-412D-80E8-D57DF5A35FC3}"
EndProject
Global
	GlobalSection(SolutionConfigurationPlatforms) = preSolution
		Debug|Any CPU = Debug|Any CPU
		Release|Any CPU = Release|Any CPU
	EndGlobalSection
	GlobalSection(ProjectConfigurationPlatforms) = postSolution
		{31764089-F579-43AE-B78C-55343BE69B90}.Debug|Any CPU.ActiveCfg = Debug|Any CPU
		{31764089-F579-43AE-B78C-55343BE69B90}.Debug|Any CPU.Build.0 = Debug|Any CPU
		{31764089-F579-43AE-B78C-55343BE69B90}.Release|Any CPU.ActiveCfg = Release|Any CPU
		{31764089-F579-43AE-B78C-55343BE69B90}.Release|Any CPU.Build.0 = Release|Any CPU
		{06FF17BE-7A56-412D-80E8-D57DF5A35FC3}.Debug|Any CPU.ActiveCfg = Debug|Any CPU
		{06FF17BE-7A56-412D-80E8-D57DF5A35FC3}.Debug|Any CPU.Build.0 = Debug|Any CPU
		{06FF17BE-7A56-412D-80E8-D57DF5A35FC3}.Release|Any CPU.ActiveCfg = Release|Any CPU
		{06FF17BE-7A56-412D-80E8-D57DF5A35FC3}.Release|Any CPU.Build.0 = Release|Any CPU
	EndGlobalSection
	GlobalSection(SolutionProperties) = preSolution
		HideSolutionNode = FALSE
	EndGlobalSection
	GlobalSection(ExtensibilityGlobals) = postSolution
		SolutionGuid = {705C18C6-6F99-4280-9E97-7E5C89214B5D}
	EndGlobalSection
EndGlobal
